
Microsoft Visual Studio Solution File, Format Version 12.00
# Visual Studio 2013
VisualStudioVersion = 12.0.30723.0
MinimumVisualStudioVersion = 10.0.40219.1
Project("{FAE04EC0-301F-11D3-BF4B-00C04F79EFBC}") = "KeyLog_V1", "KeyLog_V1\KeyLog_V1.csproj", "{A44ADA6B-9FCF-4E5C-B20E-1322E9129B22}"
EndProject
Project("{FAE04EC0-301F-11D3-BF4B-00C04F79EFBC}") = "CreateOwnKeylogger_GrayScale", "CreateOwnKeylogger_GrayScale\CreateOwnKeylogger_GrayScale.csproj", "{95C0DF42-3D7A-4B07-9469-5310FA2ABC2C}"
EndProject
Global
	GlobalSection(SolutionConfigurationPlatforms) = preSolution
		Debug|Any CPU = Debug|Any CPU
		Release|Any CPU = Release|Any CPU
	EndGlobalSection
	GlobalSection(ProjectConfigurationPlatforms) = postSolution
		{A44ADA6B-9FCF-4E5C-B20E-1322E9129B22}.Debug|Any CPU.ActiveCfg = Debug|Any CPU
		{A44ADA6B-9FCF-4E5C-B20E-1322E9129B22}.Debug|Any CPU.Build.0 = Debug|Any CPU
		{A44ADA6B-9FCF-4E5C-B20E-1322E9129B22}.Release|Any CPU.ActiveCfg = Release|Any CPU
		{A44ADA6B-9FCF-4E5C-B20E-1322E9129B22}.Release|Any CPU.Build.0 = Release|Any CPU
		{95C0DF42-3D7A-4B07-9469-5310FA2ABC2C}.Debug|Any CPU.ActiveCfg = Debug|Any CPU
		{95C0DF42-3D7A-4B07-9469-5310FA2ABC2C}.Debug|Any CPU.Build.0 = Debug|Any CPU
		{95C0DF42-3D7A-4B07-9469-5310FA2ABC2C}.Release|Any CPU.ActiveCfg = Release|Any CPU
		{95C0DF42-3D7A-4B07-9469-5310FA2ABC2C}.Release|Any CPU.Build.0 = Release|Any CPU
	EndGlobalSection
	GlobalSection(SolutionProperties) = preSolution
		HideSolutionNode = FALSE
	EndGlobalSection
EndGlobal
